
Microsoft Visual Studio Solution File, Format Version 12.00
# Visual Studio 14
VisualStudioVersion = 14.0.25420.1
MinimumVisualStudioVersion = 10.0.40219.1
Project("{FAE04EC0-301F-11D3-BF4B-00C04F79EFBC}") = "FileParser", "FileParser\FileParser.csproj", "{DEAEA14C-5FCC-4A8A-BB0D-FECF8B4D1A90}"
EndProject
Project("{FAE04EC0-301F-11D3-BF4B-00C04F79EFBC}") = "FileParser_Console", "FileParser_Console\FileParser_Console.csproj", "{3D911440-61B2-4561-8B2C-52D17E5E3070}"
EndProject
Global
	GlobalSection(SolutionConfigurationPlatforms) = preSolution
		Debug|Any CPU = Debug|Any CPU
		Release|Any CPU = Release|Any CPU
	EndGlobalSection
	GlobalSection(ProjectConfigurationPlatforms) = postSolution
		{DEAEA14C-5FCC-4A8A-BB0D-FECF8B4D1A90}.Debug|Any CPU.ActiveCfg = Debug|Any CPU
		{DEAEA14C-5FCC-4A8A-BB0D-FECF8B4D1A90}.Debug|Any CPU.Build.0 = Debug|Any CPU
		{DEAEA14C-5FCC-4A8A-BB0D-FECF8B4D1A90}.Release|Any CPU.ActiveCfg = Release|Any CPU
		{DEAEA14C-5FCC-4A8A-BB0D-FECF8B4D1A90}.Release|Any CPU.Build.0 = Release|Any CPU
		{3D911440-61B2-4561-8B2C-52D17E5E3070}.Debug|Any CPU.ActiveCfg = Debug|Any CPU
		{3D911440-61B2-4561-8B2C-52D17E5E3070}.Debug|Any CPU.Build.0 = Debug|Any CPU
		{3D911440-61B2-4561-8B2C-52D17E5E3070}.Release|Any CPU.ActiveCfg = Release|Any CPU
		{3D911440-61B2-4561-8B2C-52D17E5E3070}.Release|Any CPU.Build.0 = Release|Any CPU
	EndGlobalSection
	GlobalSection(SolutionProperties) = preSolution
		HideSolutionNode = FALSE
	EndGlobalSection
EndGlobal
